
Microsoft Visual Studio Solution File, Format Version 12.00
# Visual Studio Version 16
VisualStudioVersion = 16.0.30611.23
MinimumVisualStudioVersion = 10.0.40219.1
Project("{FAE04EC0-301F-11D3-BF4B-00C04F79EFBC}") = "Task1", "Task1\Task1.csproj", "{1417D5DF-327E-4E3D-95B2-389A3C0E368C}"
EndProject
Global
	GlobalSection(SolutionConfigurationPlatforms) = preSolution
		Debug|Any CPU = Debug|Any CPU
		Release|Any CPU = Release|Any CPU
	EndGlobalSection
	GlobalSection(ProjectConfigurationPlatforms) = postSolution
		{1417D5DF-327E-4E3D-95B2-389A3C0E368C}.Debug|Any CPU.ActiveCfg = Debug|Any CPU
		{1417D5DF-327E-4E3D-95B2-389A3C0E368C}.Debug|Any CPU.Build.0 = Debug|Any CPU
		{1417D5DF-327E-4E3D-95B2-389A3C0E368C}.Release|Any CPU.ActiveCfg = Release|Any CPU
		{1417D5DF-327E-4E3D-95B2-389A3C0E368C}.Release|Any CPU.Build.0 = Release|Any CPU
	EndGlobalSection
	GlobalSection(SolutionProperties) = preSolution
		HideSolutionNode = FALSE
	EndGlobalSection
	GlobalSection(ExtensibilityGlobals) = postSolution
		SolutionGuid = {D5B97C53-D3FE-417A-B54A-8011028FA9C5}
	EndGlobalSection
EndGlobal
